
Microsoft Visual Studio Solution File, Format Version 12.00
# Visual Studio Version 17
VisualStudioVersion = 17.5.002.0
MinimumVisualStudioVersion = 10.0.40219.1
Project("{2150E333-8FDC-42A3-9474-1A3956D46DE8}") = "backend", "backend", "{099DE424-753B-4E4A-B485-4ED9B9D67FEF}"
EndProject
Project("{9A19103F-16F7-4668-BE54-9A1E7A4F7556}") = "WaterProject.API", "backend\WaterProject.API\WaterProject.API.csproj", "{A6802138-BBFB-4CD0-A2CC-224CDBBABE05}"
EndProject
Global
	GlobalSection(SolutionConfigurationPlatforms) = preSolution
		Debug|Any CPU = Debug|Any CPU
		Release|Any CPU = Release|Any CPU
	EndGlobalSection
	GlobalSection(ProjectConfigurationPlatforms) = postSolution
		{A6802138-BBFB-4CD0-A2CC-224CDBBABE05}.Debug|Any CPU.ActiveCfg = Debug|Any CPU
		{A6802138-BBFB-4CD0-A2CC-224CDBBABE05}.Debug|Any CPU.Build.0 = Debug|Any CPU
		{A6802138-BBFB-4CD0-A2CC-224CDBBABE05}.Release|Any CPU.ActiveCfg = Release|Any CPU
		{A6802138-BBFB-4CD0-A2CC-224CDBBABE05}.Release|Any CPU.Build.0 = Release|Any CPU
	EndGlobalSection
	GlobalSection(SolutionProperties) = preSolution
		HideSolutionNode = FALSE
	EndGlobalSection
	GlobalSection(NestedProjects) = preSolution
		{A6802138-BBFB-4CD0-A2CC-224CDBBABE05} = {099DE424-753B-4E4A-B485-4ED9B9D67FEF}
	EndGlobalSection
	GlobalSection(ExtensibilityGlobals) = postSolution
		SolutionGuid = {89DAF2AD-0F33-45C9-8BCF-B412E4B3279D}
	EndGlobalSection
EndGlobal
